
Microsoft Visual Studio Solution File, Format Version 12.00
Project("{FAE04EC0-301F-11D3-BF4B-00C04F79EFBC}") = "InfraFlowSculptor.Api", "src\InfraFlowSculptor.Api\InfraFlowSculptor.Api.csproj", "{A175C34B-4627-4741-BB6E-5E54DAC14CDD}"
EndProject
Project("{FAE04EC0-301F-11D3-BF4B-00C04F79EFBC}") = "InfraFlowSculptor.Application", "src\InfraFlowSculptor.Application\InfraFlowSculptor.Application.csproj", "{91C8C625-F027-4E20-AEA7-D6B152FBC4C3}"
EndProject
Project("{FAE04EC0-301F-11D3-BF4B-00C04F79EFBC}") = "InfraFlowSculptor.Contracts", "src\InfraFlowSculptor.Contracts\InfraFlowSculptor.Contracts.csproj", "{FD6DE335-2385-4ECF-884D-3B785607C2A6}"
EndProject
Project("{FAE04EC0-301F-11D3-BF4B-00C04F79EFBC}") = "InfraFlowSculptor.Domain", "src\InfraFlowSculptor.Domain\InfraFlowSculptor.Domain.csproj", "{417145D1-6F5F-4EA1-8E4D-5D2BFB35E335}"
EndProject
Project("{FAE04EC0-301F-11D3-BF4B-00C04F79EFBC}") = "InfraFlowSculptor.Infrastructure", "src\InfraFlowSculptor.Infrastructure\InfraFlowSculptor.Infrastructure.csproj", "{AD70ADDF-73E2-4E3B-953A-FE819DB47D09}"
EndProject
Project("{2150E333-8FDC-42A3-9474-1A3956D46DE8}") = "SolutionFolder", "SolutionFolder", "{9F5B4610-BE35-4FF0-BF41-A73DCADE0608}"
	ProjectSection(SolutionItems) = preProject
		.gitignore = .gitignore
		README.md = README.md
	EndProjectSection
EndProject
Global
	GlobalSection(SolutionConfigurationPlatforms) = preSolution
		Debug|Any CPU = Debug|Any CPU
		Release|Any CPU = Release|Any CPU
	EndGlobalSection
	GlobalSection(ProjectConfigurationPlatforms) = postSolution
		{A175C34B-4627-4741-BB6E-5E54DAC14CDD}.Debug|Any CPU.ActiveCfg = Debug|Any CPU
		{A175C34B-4627-4741-BB6E-5E54DAC14CDD}.Debug|Any CPU.Build.0 = Debug|Any CPU
		{A175C34B-4627-4741-BB6E-5E54DAC14CDD}.Release|Any CPU.ActiveCfg = Release|Any CPU
		{A175C34B-4627-4741-BB6E-5E54DAC14CDD}.Release|Any CPU.Build.0 = Release|Any CPU
		{91C8C625-F027-4E20-AEA7-D6B152FBC4C3}.Debug|Any CPU.ActiveCfg = Debug|Any CPU
		{91C8C625-F027-4E20-AEA7-D6B152FBC4C3}.Debug|Any CPU.Build.0 = Debug|Any CPU
		{91C8C625-F027-4E20-AEA7-D6B152FBC4C3}.Release|Any CPU.ActiveCfg = Release|Any CPU
		{91C8C625-F027-4E20-AEA7-D6B152FBC4C3}.Release|Any CPU.Build.0 = Release|Any CPU
		{FD6DE335-2385-4ECF-884D-3B785607C2A6}.Debug|Any CPU.ActiveCfg = Debug|Any CPU
		{FD6DE335-2385-4ECF-884D-3B785607C2A6}.Debug|Any CPU.Build.0 = Debug|Any CPU
		{FD6DE335-2385-4ECF-884D-3B785607C2A6}.Release|Any CPU.ActiveCfg = Release|Any CPU
		{FD6DE335-2385-4ECF-884D-3B785607C2A6}.Release|Any CPU.Build.0 = Release|Any CPU
		{417145D1-6F5F-4EA1-8E4D-5D2BFB35E335}.Debug|Any CPU.ActiveCfg = Debug|Any CPU
		{417145D1-6F5F-4EA1-8E4D-5D2BFB35E335}.Debug|Any CPU.Build.0 = Debug|Any CPU
		{417145D1-6F5F-4EA1-8E4D-5D2BFB35E335}.Release|Any CPU.ActiveCfg = Release|Any CPU
		{417145D1-6F5F-4EA1-8E4D-5D2BFB35E335}.Release|Any CPU.Build.0 = Release|Any CPU
		{AD70ADDF-73E2-4E3B-953A-FE819DB47D09}.Debug|Any CPU.ActiveCfg = Debug|Any CPU
		{AD70ADDF-73E2-4E3B-953A-FE819DB47D09}.Debug|Any CPU.Build.0 = Debug|Any CPU
		{AD70ADDF-73E2-4E3B-953A-FE819DB47D09}.Release|Any CPU.ActiveCfg = Release|Any CPU
		{AD70ADDF-73E2-4E3B-953A-FE819DB47D09}.Release|Any CPU.Build.0 = Release|Any CPU
	EndGlobalSection
EndGlobal
